// !$*UTF8*$!
{
	archiveVersion = 1;
	classes = {
	};
	objectVersion = 48;
	objects = {

/* Begin PBXBuildFile section */
		06673DB97238B3D5EA11501F /* Pods_RecipiesIncrementalSearch.framework in Frameworks */ = {isa = PBXBuildFile; fileRef = 2207AFD8B2EE00EA40D80347 /* Pods_RecipiesIncrementalSearch.framework */; };
		B1BE1B584E93EDA7E1DFDEF0 /* Pods_RecipiesIncrementalSearchTests.framework in Frameworks */ = {isa = PBXBuildFile; fileRef = 1B9E00A8A6B831C4C15E3292 /* Pods_RecipiesIncrementalSearchTests.framework */; };
		C6B4E2D7205D7B390036445F /* AppDelegate.swift in Sources */ = {isa = PBXBuildFile; fileRef = C6B4E2D6205D7B390036445F /* AppDelegate.swift */; };
		C6B4E2D9205D7B390036445F /* ViewController.swift in Sources */ = {isa = PBXBuildFile; fileRef = C6B4E2D8205D7B390036445F /* ViewController.swift */; };
		C6B4E2DC205D7B390036445F /* Main.storyboard in Resources */ = {isa = PBXBuildFile; fileRef = C6B4E2DA205D7B390036445F /* Main.storyboard */; };
		C6B4E2DE205D7B390036445F /* Assets.xcassets in Resources */ = {isa = PBXBuildFile; fileRef = C6B4E2DD205D7B390036445F /* Assets.xcassets */; };
		C6B4E2E1205D7B390036445F /* LaunchScreen.storyboard in Resources */ = {isa = PBXBuildFile; fileRef = C6B4E2DF205D7B390036445F /* LaunchScreen.storyboard */; };
		C6B4E2EC205D7B390036445F /* RecipiesIncrementalSearchTests.swift in Sources */ = {isa = PBXBuildFile; fileRef = C6B4E2EB205D7B390036445F /* RecipiesIncrementalSearchTests.swift */; };
/* End PBXBuildFile section */

/* Begin PBXContainerItemProxy section */
		C6B4E2E8205D7B390036445F /* PBXContainerItemProxy */ = {
			isa = PBXContainerItemProxy;
			containerPortal = C6B4E2CB205D7B390036445F /* Project object */;
			proxyType = 1;
			remoteGlobalIDString = C6B4E2D2205D7B390036445F;
			remoteInfo = RecipiesIncrementalSearch;
		};
/* End PBXContainerItemProxy section */

/* Begin PBXFileReference section */
		15EE0AD8623C22B04900C5A3 /* Pods-RecipiesIncrementalSearch.debug.xcconfig */ = {isa = PBXFileReference; includeInIndex = 1; lastKnownFileType = text.xcconfig; name = "Pods-RecipiesIncrementalSearch.debug.xcconfig"; path = "Pods/Target Support Files/Pods-RecipiesIncrementalSearch/Pods-RecipiesIncrementalSearch.debug.xcconfig"; sourceTree = "<group>"; };
		1B9E00A8A6B831C4C15E3292 /* Pods_RecipiesIncrementalSearchTests.framework */ = {isa = PBXFileReference; explicitFileType = wrapper.framework; includeInIndex = 0; path = Pods_RecipiesIncrementalSearchTests.framework; sourceTree = BUILT_PRODUCTS_DIR; };
		2207AFD8B2EE00EA40D80347 /* Pods_RecipiesIncrementalSearch.framework */ = {isa = PBXFileReference; explicitFileType = wrapper.framework; includeInIndex = 0; path = Pods_RecipiesIncrementalSearch.framework; sourceTree = BUILT_PRODUCTS_DIR; };
		34DF62984E89AC47D79E051E /* Pods-RecipiesIncrementalSearchTests.debug.xcconfig */ = {isa = PBXFileReference; includeInIndex = 1; lastKnownFileType = text.xcconfig; name = "Pods-RecipiesIncrementalSearchTests.debug.xcconfig"; path = "Pods/Target Support Files/Pods-RecipiesIncrementalSearchTests/Pods-RecipiesIncrementalSearchTests.debug.xcconfig"; sourceTree = "<group>"; };
		6C795B40705E4A68BBD249B8 /* Pods-RecipiesIncrementalSearch.release.xcconfig */ = {isa = PBXFileReference; includeInIndex = 1; lastKnownFileType = text.xcconfig; name = "Pods-RecipiesIncrementalSearch.release.xcconfig"; path = "Pods/Target Support Files/Pods-RecipiesIncrementalSearch/Pods-RecipiesIncrementalSearch.release.xcconfig"; sourceTree = "<group>"; };
		735FA676760446C67C1F9D6C /* Pods-RecipiesIncrementalSearchTests.release.xcconfig */ = {isa = PBXFileReference; includeInIndex = 1; lastKnownFileType = text.xcconfig; name = "Pods-RecipiesIncrementalSearchTests.release.xcconfig"; path = "Pods/Target Support Files/Pods-RecipiesIncrementalSearchTests/Pods-RecipiesIncrementalSearchTests.release.xcconfig"; sourceTree = "<group>"; };
		C6B4E2D3205D7B390036445F /* RecipiesIncrementalSearch.app */ = {isa = PBXFileReference; explicitFileType = wrapper.application; includeInIndex = 0; path = RecipiesIncrementalSearch.app; sourceTree = BUILT_PRODUCTS_DIR; };
		C6B4E2D6205D7B390036445F /* AppDelegate.swift */ = {isa = PBXFileReference; lastKnownFileType = sourcecode.swift; path = AppDelegate.swift; sourceTree = "<group>"; };
		C6B4E2D8205D7B390036445F /* ViewController.swift */ = {isa = PBXFileReference; lastKnownFileType = sourcecode.swift; path = ViewController.swift; sourceTree = "<group>"; };
		C6B4E2DB205D7B390036445F /* Base */ = {isa = PBXFileReference; lastKnownFileType = file.storyboard; name = Base; path = Base.lproj/Main.storyboard; sourceTree = "<group>"; };
		C6B4E2DD205D7B390036445F /* Assets.xcassets */ = {isa = PBXFileReference; lastKnownFileType = folder.assetcatalog; path = Assets.xcassets; sourceTree = "<group>"; };
		C6B4E2E0205D7B390036445F /* Base */ = {isa = PBXFileReference; lastKnownFileType = file.storyboard; name = Base; path = Base.lproj/LaunchScreen.storyboard; sourceTree = "<group>"; };
		C6B4E2E2205D7B390036445F /* Info.plist */ = {isa = PBXFileReference; lastKnownFileType = text.plist.xml; path = Info.plist; sourceTree = "<group>"; };
		C6B4E2E7205D7B390036445F /* RecipiesIncrementalSearchTests.xctest */ = {isa = PBXFileReference; explicitFileType = wrapper.cfbundle; includeInIndex = 0; path = RecipiesIncrementalSearchTests.xctest; sourceTree = BUILT_PRODUCTS_DIR; };
		C6B4E2EB205D7B390036445F /* RecipiesIncrementalSearchTests.swift */ = {isa = PBXFileReference; lastKnownFileType = sourcecode.swift; path = RecipiesIncrementalSearchTests.swift; sourceTree = "<group>"; };
		C6B4E2ED205D7B390036445F /* Info.plist */ = {isa = PBXFileReference; lastKnownFileType = text.plist.xml; path = Info.plist; sourceTree = "<group>"; };
/* End PBXFileReference section */

/* Begin PBXFrameworksBuildPhase section */
		C6B4E2D0205D7B390036445F /* Frameworks */ = {
			isa = PBXFrameworksBuildPhase;
			buildActionMask = 2147483647;
			files = (
				06673DB97238B3D5EA11501F /* Pods_RecipiesIncrementalSearch.framework in Frameworks */,
			);
			runOnlyForDeploymentPostprocessing = 0;
		};
		C6B4E2E4205D7B390036445F /* Frameworks */ = {
			isa = PBXFrameworksBuildPhase;
			buildActionMask = 2147483647;
			files = (
				B1BE1B584E93EDA7E1DFDEF0 /* Pods_RecipiesIncrementalSearchTests.framework in Frameworks */,
			);
			runOnlyForDeploymentPostprocessing = 0;
		};
/* End PBXFrameworksBuildPhase section */

/* Begin PBXGroup section */
		3FCA0D9DA6CAD3960F2D6A89 /* Pods */ = {
			isa = PBXGroup;
			children = (
				15EE0AD8623C22B04900C5A3 /* Pods-RecipiesIncrementalSearch.debug.xcconfig */,
				6C795B40705E4A68BBD249B8 /* Pods-RecipiesIncrementalSearch.release.xcconfig */,
				34DF62984E89AC47D79E051E /* Pods-RecipiesIncrementalSearchTests.debug.xcconfig */,
				735FA676760446C67C1F9D6C /* Pods-RecipiesIncrementalSearchTests.release.xcconfig */,
			);
			name = Pods;
			sourceTree = "<group>";
		};
		C6B4E2CA205D7B390036445F = {
			isa = PBXGroup;
			children = (
				C6B4E2D5205D7B390036445F /* RecipiesIncrementalSearch */,
				C6B4E2EA205D7B390036445F /* RecipiesIncrementalSearchTests */,
				C6B4E2D4205D7B390036445F /* Products */,
				3FCA0D9DA6CAD3960F2D6A89 /* Pods */,
				E4E28ECAF878DA1805760E87 /* Frameworks */,
			);
			sourceTree = "<group>";
		};
		C6B4E2D4205D7B390036445F /* Products */ = {
			isa = PBXGroup;
			children = (
				C6B4E2D3205D7B390036445F /* RecipiesIncrementalSearch.app */,
				C6B4E2E7205D7B390036445F /* RecipiesIncrementalSearchTests.xctest */,
			);
			name = Products;
			sourceTree = "<group>";
		};
		C6B4E2D5205D7B390036445F /* RecipiesIncrementalSearch */ = {
			isa = PBXGroup;
			children = (
				C6B4E2D6205D7B390036445F /* AppDelegate.swift */,
				C6B4E2D8205D7B390036445F /* ViewController.swift */,
				C6B4E2DA205D7B390036445F /* Main.storyboard */,
				C6B4E2DD205D7B390036445F /* Assets.xcassets */,
				C6B4E2DF205D7B390036445F /* LaunchScreen.storyboard */,
				C6B4E2E2205D7B390036445F /* Info.plist */,
			);
			path = RecipiesIncrementalSearch;
			sourceTree = "<group>";
		};
		C6B4E2EA205D7B390036445F /* RecipiesIncrementalSearchTests */ = {
			isa = PBXGroup;
			children = (
				C6B4E2EB205D7B390036445F /* RecipiesIncrementalSearchTests.swift */,
				C6B4E2ED205D7B390036445F /* Info.plist */,
			);
			path = RecipiesIncrementalSearchTests;
			sourceTree = "<group>";
		};
		E4E28ECAF878DA1805760E87 /* Frameworks */ = {
			isa = PBXGroup;
			children = (
				2207AFD8B2EE00EA40D80347 /* Pods_RecipiesIncrementalSearch.framework */,
				1B9E00A8A6B831C4C15E3292 /* Pods_RecipiesIncrementalSearchTests.framework */,
			);
			name = Frameworks;
			sourceTree = "<group>";
		};
/* End PBXGroup section */

/* Begin PBXNativeTarget section */
		C6B4E2D2205D7B390036445F /* RecipiesIncrementalSearch */ = {
			isa = PBXNativeTarget;
			buildConfigurationList = C6B4E2F0205D7B390036445F /* Build configuration list for PBXNativeTarget "RecipiesIncrementalSearch" */;
			buildPhases = (
				4AE8D81A2659CC0F31BC0D0B /* [CP] Check Pods Manifest.lock */,
				C6B4E2CF205D7B390036445F /* Sources */,
				C6B4E2D0205D7B390036445F /* Frameworks */,
				C6B4E2D1205D7B390036445F /* Resources */,
				4E9BA73F3B617935D6B98760 /* [CP] Embed Pods Frameworks */,
				66ED2C410FD183F91E4E9BE6 /* [CP] Copy Pods Resources */,
			);
			buildRules = (
			);
			dependencies = (
			);
			name = RecipiesIncrementalSearch;
			productName = RecipiesIncrementalSearch;
			productReference = C6B4E2D3205D7B390036445F /* RecipiesIncrementalSearch.app */;
			productType = "com.apple.product-type.application";
		};
		C6B4E2E6205D7B390036445F /* RecipiesIncrementalSearchTests */ = {
			isa = PBXNativeTarget;
			buildConfigurationList = C6B4E2F3205D7B390036445F /* Build configuration list for PBXNativeTarget "RecipiesIncrementalSearchTests" */;
			buildPhases = (
				5A77ABCDC05C27A7225722AE /* [CP] Check Pods Manifest.lock */,
				C6B4E2E3205D7B390036445F /* Sources */,
				C6B4E2E4205D7B390036445F /* Frameworks */,
				C6B4E2E5205D7B390036445F /* Resources */,
				A744E6DEE09696C5E73FA596 /* [CP] Embed Pods Frameworks */,
				ABA2F9AA66BCCFBC5FD2D6B6 /* [CP] Copy Pods Resources */,
			);
			buildRules = (
			);
			dependencies = (
				C6B4E2E9205D7B390036445F /* PBXTargetDependency */,
			);
			name = RecipiesIncrementalSearchTests;
			productName = RecipiesIncrementalSearchTests;
			productReference = C6B4E2E7205D7B390036445F /* RecipiesIncrementalSearchTests.xctest */;
			productType = "com.apple.product-type.bundle.unit-test";
		};
/* End PBXNativeTarget section */

/* Begin PBXProject section */
		C6B4E2CB205D7B390036445F /* Project object */ = {
			isa = PBXProject;
			attributes = {
				LastSwiftUpdateCheck = 0920;
				LastUpgradeCheck = 0920;
				ORGANIZATIONNAME = Bart;
				TargetAttributes = {
					C6B4E2D2205D7B390036445F = {
						CreatedOnToolsVersion = 9.2;
						ProvisioningStyle = Automatic;
					};
					C6B4E2E6205D7B390036445F = {
						CreatedOnToolsVersion = 9.2;
						ProvisioningStyle = Automatic;
						TestTargetID = C6B4E2D2205D7B390036445F;
					};
				};
			};
			buildConfigurationList = C6B4E2CE205D7B390036445F /* Build configuration list for PBXProject "RecipiesIncrementalSearch" */;
			compatibilityVersion = "Xcode 8.0";
			developmentRegion = en;
			hasScannedForEncodings = 0;
			knownRegions = (
				en,
				Base,
			);
			mainGroup = C6B4E2CA205D7B390036445F;
			productRefGroup = C6B4E2D4205D7B390036445F /* Products */;
			projectDirPath = "";
			projectRoot = "";
			targets = (
				C6B4E2D2205D7B390036445F /* RecipiesIncrementalSearch */,
				C6B4E2E6205D7B390036445F /* RecipiesIncrementalSearchTests */,
			);
		};
/* End PBXProject section */

/* Begin PBXResourcesBuildPhase section */
		C6B4E2D1205D7B390036445F /* Resources */ = {
			isa = PBXResourcesBuildPhase;
			buildActionMask = 2147483647;
			files = (
				C6B4E2E1205D7B390036445F /* LaunchScreen.storyboard in Resources */,
				C6B4E2DE205D7B390036445F /* Assets.xcassets in Resources */,
				C6B4E2DC205D7B390036445F /* Main.storyboard in Resources */,
			);
			runOnlyForDeploymentPostprocessing = 0;
		};
		C6B4E2E5205D7B390036445F /* Resources */ = {
			isa = PBXResourcesBuildPhase;
			buildActionMask = 2147483647;
			files = (
			);
			runOnlyForDeploymentPostprocessing = 0;
		};
/* End PBXResourcesBuildPhase section */

/* Begin PBXShellScriptBuildPhase section */
		4AE8D81A2659CC0F31BC0D0B /* [CP] Check Pods Manifest.lock */ = {
			isa = PBXShellScriptBuildPhase;
			buildActionMask = 2147483647;
			files = (
			);
			inputPaths = (
				"${PODS_PODFILE_DIR_PATH}/Podfile.lock",
				"${PODS_ROOT}/Manifest.lock",
			);
			name = "[CP] Check Pods Manifest.lock";
			outputPaths = (
				"$(DERIVED_FILE_DIR)/Pods-RecipiesIncrementalSearch-checkManifestLockResult.txt",
			);
			runOnlyForDeploymentPostprocessing = 0;
			shellPath = /bin/sh;
			shellScript = "diff \"${PODS_PODFILE_DIR_PATH}/Podfile.lock\" \"${PODS_ROOT}/Manifest.lock\" > /dev/null\nif [ $? != 0 ] ; then\n    # print error to STDERR\n    echo \"error: The sandbox is not in sync with the Podfile.lock. Run 'pod install' or update your CocoaPods installation.\" >&2\n    exit 1\nfi\n# This output is used by Xcode 'outputs' to avoid re-running this script phase.\necho \"SUCCESS\" > \"${SCRIPT_OUTPUT_FILE_0}\"\n";
			showEnvVarsInLog = 0;
		};
		4E9BA73F3B617935D6B98760 /* [CP] Embed Pods Frameworks */ = {
			isa = PBXShellScriptBuildPhase;
			buildActionMask = 2147483647;
			files = (
			);
			inputPaths = (
				"${SRCROOT}/Pods/Target Support Files/Pods-RecipiesIncrementalSearch/Pods-RecipiesIncrementalSearch-frameworks.sh",
				"${BUILT_PRODUCTS_DIR}/RxCocoa/RxCocoa.framework",
				"${BUILT_PRODUCTS_DIR}/RxSwift/RxSwift.framework",
			);
			name = "[CP] Embed Pods Frameworks";
			outputPaths = (
				"${TARGET_BUILD_DIR}/${FRAMEWORKS_FOLDER_PATH}/RxCocoa.framework",
				"${TARGET_BUILD_DIR}/${FRAMEWORKS_FOLDER_PATH}/RxSwift.framework",
			);
			runOnlyForDeploymentPostprocessing = 0;
			shellPath = /bin/sh;
			shellScript = "\"${SRCROOT}/Pods/Target Support Files/Pods-RecipiesIncrementalSearch/Pods-RecipiesIncrementalSearch-frameworks.sh\"\n";
			showEnvVarsInLog = 0;
		};
		5A77ABCDC05C27A7225722AE /* [CP] Check Pods Manifest.lock */ = {
			isa = PBXShellScriptBuildPhase;
			buildActionMask = 2147483647;
			files = (
			);
			inputPaths = (
				"${PODS_PODFILE_DIR_PATH}/Podfile.lock",
				"${PODS_ROOT}/Manifest.lock",
			);
			name = "[CP] Check Pods Manifest.lock";
			outputPaths = (
				"$(DERIVED_FILE_DIR)/Pods-RecipiesIncrementalSearchTests-checkManifestLockResult.txt",
			);
			runOnlyForDeploymentPostprocessing = 0;
			shellPath = /bin/sh;
			shellScript = "diff \"${PODS_PODFILE_DIR_PATH}/Podfile.lock\" \"${PODS_ROOT}/Manifest.lock\" > /dev/null\nif [ $? != 0 ] ; then\n    # print error to STDERR\n    echo \"error: The sandbox is not in sync with the Podfile.lock. Run 'pod install' or update your CocoaPods installation.\" >&2\n    exit 1\nfi\n# This output is used by Xcode 'outputs' to avoid re-running this script phase.\necho \"SUCCESS\" > \"${SCRIPT_OUTPUT_FILE_0}\"\n";
			showEnvVarsInLog = 0;
		};
		66ED2C410FD183F91E4E9BE6 /* [CP] Copy Pods Resources */ = {
			isa = PBXShellScriptBuildPhase;
			buildActionMask = 2147483647;
			files = (
			);
			inputPaths = (
			);
			name = "[CP] Copy Pods Resources";
			outputPaths = (
			);
			runOnlyForDeploymentPostprocessing = 0;
			shellPath = /bin/sh;
			shellScript = "\"${SRCROOT}/Pods/Target Support Files/Pods-RecipiesIncrementalSearch/Pods-RecipiesIncrementalSearch-resources.sh\"\n";
			showEnvVarsInLog = 0;
		};
		A744E6DEE09696C5E73FA596 /* [CP] Embed Pods Frameworks */ = {
			isa = PBXShellScriptBuildPhase;
			buildActionMask = 2147483647;
			files = (
			);
			inputPaths = (
			);
			name = "[CP] Embed Pods Frameworks";
			outputPaths = (
			);
			runOnlyForDeploymentPostprocessing = 0;
			shellPath = /bin/sh;
			shellScript = "\"${SRCROOT}/Pods/Target Support Files/Pods-RecipiesIncrementalSearchTests/Pods-RecipiesIncrementalSearchTests-frameworks.sh\"\n";
			showEnvVarsInLog = 0;
		};
		ABA2F9AA66BCCFBC5FD2D6B6 /* [CP] Copy Pods Resources */ = {
			isa = PBXShellScriptBuildPhase;
			buildActionMask = 2147483647;
			files = (
			);
			inputPaths = (
			);
			name = "[CP] Copy Pods Resources";
			outputPaths = (
			);
			runOnlyForDeploymentPostprocessing = 0;
			shellPath = /bin/sh;
			shellScript = "\"${SRCROOT}/Pods/Target Support Files/Pods-RecipiesIncrementalSearchTests/Pods-RecipiesIncrementalSearchTests-resources.sh\"\n";
			showEnvVarsInLog = 0;
		};
/* End PBXShellScriptBuildPhase section */

/* Begin PBXSourcesBuildPhase section */
		C6B4E2CF205D7B390036445F /* Sources */ = {
			isa = PBXSourcesBuildPhase;
			buildActionMask = 2147483647;
			files = (
				C6B4E2D9205D7B390036445F /* ViewController.swift in Sources */,
				C6B4E2D7205D7B390036445F /* AppDelegate.swift in Sources */,
			);
			runOnlyForDeploymentPostprocessing = 0;
		};
		C6B4E2E3205D7B390036445F /* Sources */ = {
			isa = PBXSourcesBuildPhase;
			buildActionMask = 2147483647;
			files = (
				C6B4E2EC205D7B390036445F /* RecipiesIncrementalSearchTests.swift in Sources */,
			);
			runOnlyForDeploymentPostprocessing = 0;
		};
/* End PBXSourcesBuildPhase section */

/* Begin PBXTargetDependency section */
		C6B4E2E9205D7B390036445F /* PBXTargetDependency */ = {
			isa = PBXTargetDependency;
			target = C6B4E2D2205D7B390036445F /* RecipiesIncrementalSearch */;
			targetProxy = C6B4E2E8205D7B390036445F /* PBXContainerItemProxy */;
		};
/* End PBXTargetDependency section */

/* Begin PBXVariantGroup section */
		C6B4E2DA205D7B390036445F /* Main.storyboard */ = {
			isa = PBXVariantGroup;
			children = (
				C6B4E2DB205D7B390036445F /* Base */,
			);
			name = Main.storyboard;
			sourceTree = "<group>";
		};
		C6B4E2DF205D7B390036445F /* LaunchScreen.storyboard */ = {
			isa = PBXVariantGroup;
			children = (
				C6B4E2E0205D7B390036445F /* Base */,
			);
			name = LaunchScreen.storyboard;
			sourceTree = "<group>";
		};
/* End PBXVariantGroup section */

/* Begin XCBuildConfiguration section */
		C6B4E2EE205D7B390036445F /* Debug */ = {
			isa = XCBuildConfiguration;
			buildSettings = {
				ALWAYS_SEARCH_USER_PATHS = NO;
				CLANG_ANALYZER_NONNULL = YES;
				CLANG_ANALYZER_NUMBER_OBJECT_CONVERSION = YES_AGGRESSIVE;
				CLANG_CXX_LANGUAGE_STANDARD = "gnu++14";
				CLANG_CXX_LIBRARY = "libc++";
				CLANG_ENABLE_MODULES = YES;
				CLANG_ENABLE_OBJC_ARC = YES;
				CLANG_WARN_BLOCK_CAPTURE_AUTORELEASING = YES;
				CLANG_WARN_BOOL_CONVERSION = YES;
				CLANG_WARN_COMMA = YES;
				CLANG_WARN_CONSTANT_CONVERSION = YES;
				CLANG_WARN_DIRECT_OBJC_ISA_USAGE = YES_ERROR;
				CLANG_WARN_DOCUMENTATION_COMMENTS = YES;
				CLANG_WARN_EMPTY_BODY = YES;
				CLANG_WARN_ENUM_CONVERSION = YES;
				CLANG_WARN_INFINITE_RECURSION = YES;
				CLANG_WARN_INT_CONVERSION = YES;
				CLANG_WARN_NON_LITERAL_NULL_CONVERSION = YES;
				CLANG_WARN_OBJC_LITERAL_CONVERSION = YES;
				CLANG_WARN_OBJC_ROOT_CLASS = YES_ERROR;
				CLANG_WARN_RANGE_LOOP_ANALYSIS = YES;
				CLANG_WARN_STRICT_PROTOTYPES = YES;
				CLANG_WARN_SUSPICIOUS_MOVE = YES;
				CLANG_WARN_UNGUARDED_AVAILABILITY = YES_AGGRESSIVE;
				CLANG_WARN_UNREACHABLE_CODE = YES;
				CLANG_WARN__DUPLICATE_METHOD_MATCH = YES;
				CODE_SIGN_IDENTITY = "iPhone Developer";
				COPY_PHASE_STRIP = NO;
				DEBUG_INFORMATION_FORMAT = dwarf;
				ENABLE_STRICT_OBJC_MSGSEND = YES;
				ENABLE_TESTABILITY = YES;
				GCC_C_LANGUAGE_STANDARD = gnu11;
				GCC_DYNAMIC_NO_PIC = NO;
				GCC_NO_COMMON_BLOCKS = YES;
				GCC_OPTIMIZATION_LEVEL = 0;
				GCC_PREPROCESSOR_DEFINITIONS = (
					"DEBUG=1",
					"$(inherited)",
				);
				GCC_WARN_64_TO_32_BIT_CONVERSION = YES;
				GCC_WARN_ABOUT_RETURN_TYPE = YES_ERROR;
				GCC_WARN_UNDECLARED_SELECTOR = YES;
				GCC_WARN_UNINITIALIZED_AUTOS = YES_AGGRESSIVE;
				GCC_WARN_UNUSED_FUNCTION = YES;
				GCC_WARN_UNUSED_VARIABLE = YES;
				IPHONEOS_DEPLOYMENT_TARGET = 10.0;
				MTL_ENABLE_DEBUG_INFO = YES;
				ONLY_ACTIVE_ARCH = YES;
				SDKROOT = iphoneos;
				SWIFT_ACTIVE_COMPILATION_CONDITIONS = DEBUG;
				SWIFT_OPTIMIZATION_LEVEL = "-Onone";
			};
			name = Debug;
		};
		C6B4E2EF205D7B390036445F /* Release */ = {
			isa = XCBuildConfiguration;
			buildSettings = {
				ALWAYS_SEARCH_USER_PATHS = NO;
				CLANG_ANALYZER_NONNULL = YES;
				CLANG_ANALYZER_NUMBER_OBJECT_CONVERSION = YES_AGGRESSIVE;
				CLANG_CXX_LANGUAGE_STANDARD = "gnu++14";
				CLANG_CXX_LIBRARY = "libc++";
				CLANG_ENABLE_MODULES = YES;
				CLANG_ENABLE_OBJC_ARC = YES;
				CLANG_WARN_BLOCK_CAPTURE_AUTORELEASING = YES;
				CLANG_WARN_BOOL_CONVERSION = YES;
				CLANG_WARN_COMMA = YES;
				CLANG_WARN_CONSTANT_CONVERSION = YES;
				CLANG_WARN_DIRECT_OBJC_ISA_USAGE = YES_ERROR;
				CLANG_WARN_DOCUMENTATION_COMMENTS = YES;
				CLANG_WARN_EMPTY_BODY = YES;
				CLANG_WARN_ENUM_CONVERSION = YES;
				CLANG_WARN_INFINITE_RECURSION = YES;
				CLANG_WARN_INT_CONVERSION = YES;
				CLANG_WARN_NON_LITERAL_NULL_CONVERSION = YES;
				CLANG_WARN_OBJC_LITERAL_CONVERSION = YES;
				CLANG_WARN_OBJC_ROOT_CLASS = YES_ERROR;
				CLANG_WARN_RANGE_LOOP_ANALYSIS = YES;
				CLANG_WARN_STRICT_PROTOTYPES = YES;
				CLANG_WARN_SUSPICIOUS_MOVE = YES;
				CLANG_WARN_UNGUARDED_AVAILABILITY = YES_AGGRESSIVE;
				CLANG_WARN_UNREACHABLE_CODE = YES;
				CLANG_WARN__DUPLICATE_METHOD_MATCH = YES;
				CODE_SIGN_IDENTITY = "iPhone Developer";
				COPY_PHASE_STRIP = NO;
				DEBUG_INFORMATION_FORMAT = "dwarf-with-dsym";
				ENABLE_NS_ASSERTIONS = NO;
				ENABLE_STRICT_OBJC_MSGSEND = YES;
				GCC_C_LANGUAGE_STANDARD = gnu11;
				GCC_NO_COMMON_BLOCKS = YES;
				GCC_WARN_64_TO_32_BIT_CONVERSION = YES;
				GCC_WARN_ABOUT_RETURN_TYPE = YES_ERROR;
				GCC_WARN_UNDECLARED_SELECTOR = YES;
				GCC_WARN_UNINITIALIZED_AUTOS = YES_AGGRESSIVE;
				GCC_WARN_UNUSED_FUNCTION = YES;
				GCC_WARN_UNUSED_VARIABLE = YES;
				IPHONEOS_DEPLOYMENT_TARGET = 10.0;
				MTL_ENABLE_DEBUG_INFO = NO;
				SDKROOT = iphoneos;
				SWIFT_OPTIMIZATION_LEVEL = "-Owholemodule";
				VALIDATE_PRODUCT = YES;
			};
			name = Release;
		};
		C6B4E2F1205D7B390036445F /* Debug */ = {
			isa = XCBuildConfiguration;
			baseConfigurationReference = 15EE0AD8623C22B04900C5A3 /* Pods-RecipiesIncrementalSearch.debug.xcconfig */;
			buildSettings = {
				ASSETCATALOG_COMPILER_APPICON_NAME = AppIcon;
				CODE_SIGN_STYLE = Automatic;
				DEVELOPMENT_TEAM = DNVNQCZ59K;
				INFOPLIST_FILE = RecipiesIncrementalSearch/Info.plist;
				IPHONEOS_DEPLOYMENT_TARGET = 10.0;
				LD_RUNPATH_SEARCH_PATHS = "$(inherited) @executable_path/Frameworks";
				PRODUCT_BUNDLE_IDENTIFIER = com.example.RecipiesIncrementalSearch;
				PRODUCT_NAME = "$(TARGET_NAME)";
				SWIFT_VERSION = 4.0;
				TARGETED_DEVICE_FAMILY = "1,2";
			};
			name = Debug;
		};
		C6B4E2F2205D7B390036445F /* Release */ = {
			isa = XCBuildConfiguration;
			baseConfigurationReference = 6C795B40705E4A68BBD249B8 /* Pods-RecipiesIncrementalSearch.release.xcconfig */;
			buildSettings = {
				ASSETCATALOG_COMPILER_APPICON_NAME = AppIcon;
				CODE_SIGN_STYLE = Automatic;
				DEVELOPMENT_TEAM = DNVNQCZ59K;
				INFOPLIST_FILE = RecipiesIncrementalSearch/Info.plist;
				IPHONEOS_DEPLOYMENT_TARGET = 10.0;
				LD_RUNPATH_SEARCH_PATHS = "$(inherited) @executable_path/Frameworks";
				PRODUCT_BUNDLE_IDENTIFIER = com.example.RecipiesIncrementalSearch;
				PRODUCT_NAME = "$(TARGET_NAME)";
				SWIFT_VERSION = 4.0;
				TARGETED_DEVICE_FAMILY = "1,2";
			};
			name = Release;
		};
		C6B4E2F4205D7B390036445F /* Debug */ = {
			isa = XCBuildConfiguration;
			baseConfigurationReference = 34DF62984E89AC47D79E051E /* Pods-RecipiesIncrementalSearchTests.debug.xcconfig */;
			buildSettings = {
				ALWAYS_EMBED_SWIFT_STANDARD_LIBRARIES = YES;
				BUNDLE_LOADER = "$(TEST_HOST)";
				CODE_SIGN_STYLE = Automatic;
				DEVELOPMENT_TEAM = DNVNQCZ59K;
				INFOPLIST_FILE = RecipiesIncrementalSearchTests/Info.plist;
				LD_RUNPATH_SEARCH_PATHS = "$(inherited) @executable_path/Frameworks @loader_path/Frameworks";
				PRODUCT_BUNDLE_IDENTIFIER = com.example.RecipiesIncrementalSearchTests;
				PRODUCT_NAME = "$(TARGET_NAME)";
				SWIFT_VERSION = 4.0;
				TARGETED_DEVICE_FAMILY = "1,2";
				TEST_HOST = "$(BUILT_PRODUCTS_DIR)/RecipiesIncrementalSearch.app/RecipiesIncrementalSearch";
			};
			name = Debug;
		};
		C6B4E2F5205D7B390036445F /* Release */ = {
			isa = XCBuildConfiguration;
			baseConfigurationReference = 735FA676760446C67C1F9D6C /* Pods-RecipiesIncrementalSearchTests.release.xcconfig */;
			buildSettings = {
				ALWAYS_EMBED_SWIFT_STANDARD_LIBRARIES = YES;
				BUNDLE_LOADER = "$(TEST_HOST)";
				CODE_SIGN_STYLE = Automatic;
				DEVELOPMENT_TEAM = DNVNQCZ59K;
				INFOPLIST_FILE = RecipiesIncrementalSearchTests/Info.plist;
				LD_RUNPATH_SEARCH_PATHS = "$(inherited) @executable_path/Frameworks @loader_path/Frameworks";
				PRODUCT_BUNDLE_IDENTIFIER = com.example.RecipiesIncrementalSearchTests;
				PRODUCT_NAME = "$(TARGET_NAME)";
				SWIFT_VERSION = 4.0;
				TARGETED_DEVICE_FAMILY = "1,2";
				TEST_HOST = "$(BUILT_PRODUCTS_DIR)/RecipiesIncrementalSearch.app/RecipiesIncrementalSearch";
			};
			name = Release;
		};
/* End XCBuildConfiguration section */

/* Begin XCConfigurationList section */
		C6B4E2CE205D7B390036445F /* Build configuration list for PBXProject "RecipiesIncrementalSearch" */ = {
			isa = XCConfigurationList;
			buildConfigurations = (
				C6B4E2EE205D7B390036445F /* Debug */,
				C6B4E2EF205D7B390036445F /* Release */,
			);
			defaultConfigurationIsVisible = 0;
			defaultConfigurationName = Release;
		};
		C6B4E2F0205D7B390036445F /* Build configuration list for PBXNativeTarget "RecipiesIncrementalSearch" */ = {
			isa = XCConfigurationList;
			buildConfigurations = (
				C6B4E2F1205D7B390036445F /* Debug */,
				C6B4E2F2205D7B390036445F /* Release */,
			);
			defaultConfigurationIsVisible = 0;
			defaultConfigurationName = Release;
		};
		C6B4E2F3205D7B390036445F /* Build configuration list for PBXNativeTarget "RecipiesIncrementalSearchTests" */ = {
			isa = XCConfigurationList;
			buildConfigurations = (
				C6B4E2F4205D7B390036445F /* Debug */,
				C6B4E2F5205D7B390036445F /* Release */,
			);
			defaultConfigurationIsVisible = 0;
			defaultConfigurationName = Release;
		};
/* End XCConfigurationList section */
	};
	rootObject = C6B4E2CB205D7B390036445F /* Project object */;
}
