// !$*UTF8*$!
{
	archiveVersion = 1;
	classes = {
	};
	objectVersion = 48;
	objects = {

/* Begin PBXBuildFile section */
		06673DB97238B3D5EA11501F /* Pods_RecipiesIncrementalSearch.framework in Frameworks */ = {isa = PBXBuildFile; fileRef = 2207AFD8B2EE00EA40D80347 /* Pods_RecipiesIncrementalSearch.framework */; };
		B1BE1B584E93EDA7E1DFDEF0 /* Pods_RecipiesIncrementalSearchTests.framework in Frameworks */ = {isa = PBXBuildFile; fileRef = 1B9E00A8A6B831C4C15E3292 /* Pods_RecipiesIncrementalSearchTests.framework */; };
		C625FC962069640A00F2251C /* RecipiesErrorViewController.swift in Sources */ = {isa = PBXBuildFile; fileRef = C625FC952069640A00F2251C /* RecipiesErrorViewController.swift */; };
		C625FC982069750C00F2251C /* UIViewController+ActivityIndicator.swift in Sources */ = {isa = PBXBuildFile; fileRef = C625FC972069750C00F2251C /* UIViewController+ActivityIndicator.swift */; };
		C625FC9A206A3DA800F2251C /* DetailsErrorViewController.swift in Sources */ = {isa = PBXBuildFile; fileRef = C625FC99206A3DA800F2251C /* DetailsErrorViewController.swift */; };
		C64733CE205DB5EA0043DD09 /* UIImage+Extensions.swift in Sources */ = {isa = PBXBuildFile; fileRef = C64733CD205DB5EA0043DD09 /* UIImage+Extensions.swift */; };
		C64733D1205DCE370043DD09 /* RecipeDetails.swift in Sources */ = {isa = PBXBuildFile; fileRef = C64733D0205DCE370043DD09 /* RecipeDetails.swift */; };
		C64733D3205DDEF50043DD09 /* DetailsCoordinator.swift in Sources */ = {isa = PBXBuildFile; fileRef = C64733D2205DDEF50043DD09 /* DetailsCoordinator.swift */; };
		C65ECAC1205D8F53008BFC42 /* RecipeGeneral.swift in Sources */ = {isa = PBXBuildFile; fileRef = C65ECAC0205D8F53008BFC42 /* RecipeGeneral.swift */; };
		C65ECAC3205D9236008BFC42 /* SearchResponseModel.swift in Sources */ = {isa = PBXBuildFile; fileRef = C65ECAC2205D9236008BFC42 /* SearchResponseModel.swift */; };
		C65ECAC5205D9885008BFC42 /* APIClient.swift in Sources */ = {isa = PBXBuildFile; fileRef = C65ECAC4205D9885008BFC42 /* APIClient.swift */; };
		C680BEDE206947E10063B4F2 /* APIErrorBuilder.swift in Sources */ = {isa = PBXBuildFile; fileRef = C680BEDD206947E10063B4F2 /* APIErrorBuilder.swift */; };
		C680BEE0206953400063B4F2 /* UIViewController+Child.swift in Sources */ = {isa = PBXBuildFile; fileRef = C680BEDF206953400063B4F2 /* UIViewController+Child.swift */; };
		C6B4E2D7205D7B390036445F /* AppDelegate.swift in Sources */ = {isa = PBXBuildFile; fileRef = C6B4E2D6205D7B390036445F /* AppDelegate.swift */; };
		C6B4E2DC205D7B390036445F /* Main.storyboard in Resources */ = {isa = PBXBuildFile; fileRef = C6B4E2DA205D7B390036445F /* Main.storyboard */; };
		C6B4E2DE205D7B390036445F /* Assets.xcassets in Resources */ = {isa = PBXBuildFile; fileRef = C6B4E2DD205D7B390036445F /* Assets.xcassets */; };
		C6B4E2E1205D7B390036445F /* LaunchScreen.storyboard in Resources */ = {isa = PBXBuildFile; fileRef = C6B4E2DF205D7B390036445F /* LaunchScreen.storyboard */; };
		C6B4E2EC205D7B390036445F /* RecipiesIncrementalSearchTests.swift in Sources */ = {isa = PBXBuildFile; fileRef = C6B4E2EB205D7B390036445F /* RecipiesIncrementalSearchTests.swift */; };
		C6B4E2FF205D7E5A0036445F /* RecipiesViewController.swift in Sources */ = {isa = PBXBuildFile; fileRef = C6B4E2FE205D7E5A0036445F /* RecipiesViewController.swift */; };
		C6B4E301205D7E6C0036445F /* RecipiesViewModel.swift in Sources */ = {isa = PBXBuildFile; fileRef = C6B4E300205D7E6C0036445F /* RecipiesViewModel.swift */; };
		C6B4E305205D7EA50036445F /* DetailsViewController.swift in Sources */ = {isa = PBXBuildFile; fileRef = C6B4E304205D7EA50036445F /* DetailsViewController.swift */; };
		C6B4E307205D7EBB0036445F /* DetailsViewModel.swift in Sources */ = {isa = PBXBuildFile; fileRef = C6B4E306205D7EBB0036445F /* DetailsViewModel.swift */; };
		C6B4E30B205D7EFD0036445F /* ViewControllersFactory.swift in Sources */ = {isa = PBXBuildFile; fileRef = C6B4E30A205D7EFD0036445F /* ViewControllersFactory.swift */; };
		C6B4E30D205D7F0E0036445F /* AppCoordinator.swift in Sources */ = {isa = PBXBuildFile; fileRef = C6B4E30C205D7F0E0036445F /* AppCoordinator.swift */; };
		C6B4E30F205D7F1B0036445F /* RecipiesCoordinator.swift in Sources */ = {isa = PBXBuildFile; fileRef = C6B4E30E205D7F1B0036445F /* RecipiesCoordinator.swift */; };
		C6B4E314205D89CA0036445F /* RecipeCell.swift in Sources */ = {isa = PBXBuildFile; fileRef = C6B4E313205D89CA0036445F /* RecipeCell.swift */; };
		C6DEF0F4205DEDC700721DFF /* DetailsHeader.swift in Sources */ = {isa = PBXBuildFile; fileRef = C6DEF0F3205DEDC700721DFF /* DetailsHeader.swift */; };
		C6DEF0F6205DEE0A00721DFF /* DetailsHeader.xib in Resources */ = {isa = PBXBuildFile; fileRef = C6DEF0F5205DEE0A00721DFF /* DetailsHeader.xib */; };
		C6DEF0F8205DF90B00721DFF /* DescriptionCell.swift in Sources */ = {isa = PBXBuildFile; fileRef = C6DEF0F7205DF90B00721DFF /* DescriptionCell.swift */; };
		C6DEF0FA205DFA5700721DFF /* InfoCell.swift in Sources */ = {isa = PBXBuildFile; fileRef = C6DEF0F9205DFA5700721DFF /* InfoCell.swift */; };
/* End PBXBuildFile section */

/* Begin PBXContainerItemProxy section */
		C6B4E2E8205D7B390036445F /* PBXContainerItemProxy */ = {
			isa = PBXContainerItemProxy;
			containerPortal = C6B4E2CB205D7B390036445F /* Project object */;
			proxyType = 1;
			remoteGlobalIDString = C6B4E2D2205D7B390036445F;
			remoteInfo = RecipiesIncrementalSearch;
		};
/* End PBXContainerItemProxy section */

/* Begin PBXFileReference section */
		15EE0AD8623C22B04900C5A3 /* Pods-RecipiesIncrementalSearch.debug.xcconfig */ = {isa = PBXFileReference; includeInIndex = 1; lastKnownFileType = text.xcconfig; name = "Pods-RecipiesIncrementalSearch.debug.xcconfig"; path = "Pods/Target Support Files/Pods-RecipiesIncrementalSearch/Pods-RecipiesIncrementalSearch.debug.xcconfig"; sourceTree = "<group>"; };
		1B9E00A8A6B831C4C15E3292 /* Pods_RecipiesIncrementalSearchTests.framework */ = {isa = PBXFileReference; explicitFileType = wrapper.framework; includeInIndex = 0; path = Pods_RecipiesIncrementalSearchTests.framework; sourceTree = BUILT_PRODUCTS_DIR; };
		2207AFD8B2EE00EA40D80347 /* Pods_RecipiesIncrementalSearch.framework */ = {isa = PBXFileReference; explicitFileType = wrapper.framework; includeInIndex = 0; path = Pods_RecipiesIncrementalSearch.framework; sourceTree = BUILT_PRODUCTS_DIR; };
		34DF62984E89AC47D79E051E /* Pods-RecipiesIncrementalSearchTests.debug.xcconfig */ = {isa = PBXFileReference; includeInIndex = 1; lastKnownFileType = text.xcconfig; name = "Pods-RecipiesIncrementalSearchTests.debug.xcconfig"; path = "Pods/Target Support Files/Pods-RecipiesIncrementalSearchTests/Pods-RecipiesIncrementalSearchTests.debug.xcconfig"; sourceTree = "<group>"; };
		6C795B40705E4A68BBD249B8 /* Pods-RecipiesIncrementalSearch.release.xcconfig */ = {isa = PBXFileReference; includeInIndex = 1; lastKnownFileType = text.xcconfig; name = "Pods-RecipiesIncrementalSearch.release.xcconfig"; path = "Pods/Target Support Files/Pods-RecipiesIncrementalSearch/Pods-RecipiesIncrementalSearch.release.xcconfig"; sourceTree = "<group>"; };
		735FA676760446C67C1F9D6C /* Pods-RecipiesIncrementalSearchTests.release.xcconfig */ = {isa = PBXFileReference; includeInIndex = 1; lastKnownFileType = text.xcconfig; name = "Pods-RecipiesIncrementalSearchTests.release.xcconfig"; path = "Pods/Target Support Files/Pods-RecipiesIncrementalSearchTests/Pods-RecipiesIncrementalSearchTests.release.xcconfig"; sourceTree = "<group>"; };
		C625FC952069640A00F2251C /* RecipiesErrorViewController.swift */ = {isa = PBXFileReference; lastKnownFileType = sourcecode.swift; path = RecipiesErrorViewController.swift; sourceTree = "<group>"; };
		C625FC972069750C00F2251C /* UIViewController+ActivityIndicator.swift */ = {isa = PBXFileReference; lastKnownFileType = sourcecode.swift; path = "UIViewController+ActivityIndicator.swift"; sourceTree = "<group>"; };
		C625FC99206A3DA800F2251C /* DetailsErrorViewController.swift */ = {isa = PBXFileReference; lastKnownFileType = sourcecode.swift; path = DetailsErrorViewController.swift; sourceTree = "<group>"; };
		C64733CD205DB5EA0043DD09 /* UIImage+Extensions.swift */ = {isa = PBXFileReference; lastKnownFileType = sourcecode.swift; path = "UIImage+Extensions.swift"; sourceTree = "<group>"; };
		C64733D0205DCE370043DD09 /* RecipeDetails.swift */ = {isa = PBXFileReference; lastKnownFileType = sourcecode.swift; path = RecipeDetails.swift; sourceTree = "<group>"; };
		C64733D2205DDEF50043DD09 /* DetailsCoordinator.swift */ = {isa = PBXFileReference; lastKnownFileType = sourcecode.swift; path = DetailsCoordinator.swift; sourceTree = "<group>"; };
		C65ECAC0205D8F53008BFC42 /* RecipeGeneral.swift */ = {isa = PBXFileReference; lastKnownFileType = sourcecode.swift; path = RecipeGeneral.swift; sourceTree = "<group>"; };
		C65ECAC2205D9236008BFC42 /* SearchResponseModel.swift */ = {isa = PBXFileReference; lastKnownFileType = sourcecode.swift; path = SearchResponseModel.swift; sourceTree = "<group>"; };
		C65ECAC4205D9885008BFC42 /* APIClient.swift */ = {isa = PBXFileReference; lastKnownFileType = sourcecode.swift; path = APIClient.swift; sourceTree = "<group>"; };
		C680BEDD206947E10063B4F2 /* APIErrorBuilder.swift */ = {isa = PBXFileReference; lastKnownFileType = sourcecode.swift; path = APIErrorBuilder.swift; sourceTree = "<group>"; };
		C680BEDF206953400063B4F2 /* UIViewController+Child.swift */ = {isa = PBXFileReference; lastKnownFileType = sourcecode.swift; path = "UIViewController+Child.swift"; sourceTree = "<group>"; };
		C6B4E2D3205D7B390036445F /* RecipiesIncrementalSearch.app */ = {isa = PBXFileReference; explicitFileType = wrapper.application; includeInIndex = 0; path = RecipiesIncrementalSearch.app; sourceTree = BUILT_PRODUCTS_DIR; };
		C6B4E2D6205D7B390036445F /* AppDelegate.swift */ = {isa = PBXFileReference; lastKnownFileType = sourcecode.swift; path = AppDelegate.swift; sourceTree = "<group>"; };
		C6B4E2DB205D7B390036445F /* Base */ = {isa = PBXFileReference; lastKnownFileType = file.storyboard; name = Base; path = Base.lproj/Main.storyboard; sourceTree = "<group>"; };
		C6B4E2DD205D7B390036445F /* Assets.xcassets */ = {isa = PBXFileReference; lastKnownFileType = folder.assetcatalog; path = Assets.xcassets; sourceTree = "<group>"; };
		C6B4E2E0205D7B390036445F /* Base */ = {isa = PBXFileReference; lastKnownFileType = file.storyboard; name = Base; path = Base.lproj/LaunchScreen.storyboard; sourceTree = "<group>"; };
		C6B4E2E2205D7B390036445F /* Info.plist */ = {isa = PBXFileReference; lastKnownFileType = text.plist.xml; path = Info.plist; sourceTree = "<group>"; };
		C6B4E2E7205D7B390036445F /* RecipiesIncrementalSearchTests.xctest */ = {isa = PBXFileReference; explicitFileType = wrapper.cfbundle; includeInIndex = 0; path = RecipiesIncrementalSearchTests.xctest; sourceTree = BUILT_PRODUCTS_DIR; };
		C6B4E2EB205D7B390036445F /* RecipiesIncrementalSearchTests.swift */ = {isa = PBXFileReference; lastKnownFileType = sourcecode.swift; path = RecipiesIncrementalSearchTests.swift; sourceTree = "<group>"; };
		C6B4E2ED205D7B390036445F /* Info.plist */ = {isa = PBXFileReference; lastKnownFileType = text.plist.xml; path = Info.plist; sourceTree = "<group>"; };
		C6B4E2FE205D7E5A0036445F /* RecipiesViewController.swift */ = {isa = PBXFileReference; lastKnownFileType = sourcecode.swift; path = RecipiesViewController.swift; sourceTree = "<group>"; };
		C6B4E300205D7E6C0036445F /* RecipiesViewModel.swift */ = {isa = PBXFileReference; lastKnownFileType = sourcecode.swift; path = RecipiesViewModel.swift; sourceTree = "<group>"; };
		C6B4E304205D7EA50036445F /* DetailsViewController.swift */ = {isa = PBXFileReference; lastKnownFileType = sourcecode.swift; path = DetailsViewController.swift; sourceTree = "<group>"; };
		C6B4E306205D7EBB0036445F /* DetailsViewModel.swift */ = {isa = PBXFileReference; lastKnownFileType = sourcecode.swift; path = DetailsViewModel.swift; sourceTree = "<group>"; };
		C6B4E30A205D7EFD0036445F /* ViewControllersFactory.swift */ = {isa = PBXFileReference; lastKnownFileType = sourcecode.swift; path = ViewControllersFactory.swift; sourceTree = "<group>"; };
		C6B4E30C205D7F0E0036445F /* AppCoordinator.swift */ = {isa = PBXFileReference; lastKnownFileType = sourcecode.swift; path = AppCoordinator.swift; sourceTree = "<group>"; };
		C6B4E30E205D7F1B0036445F /* RecipiesCoordinator.swift */ = {isa = PBXFileReference; lastKnownFileType = sourcecode.swift; path = RecipiesCoordinator.swift; sourceTree = "<group>"; };
		C6B4E313205D89CA0036445F /* RecipeCell.swift */ = {isa = PBXFileReference; lastKnownFileType = sourcecode.swift; path = RecipeCell.swift; sourceTree = "<group>"; };
		C6DEF0F3205DEDC700721DFF /* DetailsHeader.swift */ = {isa = PBXFileReference; lastKnownFileType = sourcecode.swift; path = DetailsHeader.swift; sourceTree = "<group>"; };
		C6DEF0F5205DEE0A00721DFF /* DetailsHeader.xib */ = {isa = PBXFileReference; lastKnownFileType = file.xib; path = DetailsHeader.xib; sourceTree = "<group>"; };
		C6DEF0F7205DF90B00721DFF /* DescriptionCell.swift */ = {isa = PBXFileReference; lastKnownFileType = sourcecode.swift; path = DescriptionCell.swift; sourceTree = "<group>"; };
		C6DEF0F9205DFA5700721DFF /* InfoCell.swift */ = {isa = PBXFileReference; lastKnownFileType = sourcecode.swift; path = InfoCell.swift; sourceTree = "<group>"; };
/* End PBXFileReference section */

/* Begin PBXFrameworksBuildPhase section */
		C6B4E2D0205D7B390036445F /* Frameworks */ = {
			isa = PBXFrameworksBuildPhase;
			buildActionMask = 2147483647;
			files = (
				06673DB97238B3D5EA11501F /* Pods_RecipiesIncrementalSearch.framework in Frameworks */,
			);
			runOnlyForDeploymentPostprocessing = 0;
		};
		C6B4E2E4205D7B390036445F /* Frameworks */ = {
			isa = PBXFrameworksBuildPhase;
			buildActionMask = 2147483647;
			files = (
				B1BE1B584E93EDA7E1DFDEF0 /* Pods_RecipiesIncrementalSearchTests.framework in Frameworks */,
			);
			runOnlyForDeploymentPostprocessing = 0;
		};
/* End PBXFrameworksBuildPhase section */

/* Begin PBXGroup section */
		3FCA0D9DA6CAD3960F2D6A89 /* Pods */ = {
			isa = PBXGroup;
			children = (
				15EE0AD8623C22B04900C5A3 /* Pods-RecipiesIncrementalSearch.debug.xcconfig */,
				6C795B40705E4A68BBD249B8 /* Pods-RecipiesIncrementalSearch.release.xcconfig */,
				34DF62984E89AC47D79E051E /* Pods-RecipiesIncrementalSearchTests.debug.xcconfig */,
				735FA676760446C67C1F9D6C /* Pods-RecipiesIncrementalSearchTests.release.xcconfig */,
			);
			name = Pods;
			sourceTree = "<group>";
		};
		C64733CC205DB5A10043DD09 /* Extensions */ = {
			isa = PBXGroup;
			children = (
				C64733CD205DB5EA0043DD09 /* UIImage+Extensions.swift */,
				C680BEDF206953400063B4F2 /* UIViewController+Child.swift */,
				C625FC972069750C00F2251C /* UIViewController+ActivityIndicator.swift */,
			);
			path = Extensions;
			sourceTree = "<group>";
		};
		C64733CF205DCD7B0043DD09 /* Cells */ = {
			isa = PBXGroup;
			children = (
				C6DEF0F3205DEDC700721DFF /* DetailsHeader.swift */,
				C6DEF0F5205DEE0A00721DFF /* DetailsHeader.xib */,
				C6DEF0F7205DF90B00721DFF /* DescriptionCell.swift */,
				C6DEF0F9205DFA5700721DFF /* InfoCell.swift */,
			);
			path = Cells;
			sourceTree = "<group>";
		};
		C680BEDC206947A70063B4F2 /* Errors */ = {
			isa = PBXGroup;
			children = (
				C680BEDD206947E10063B4F2 /* APIErrorBuilder.swift */,
				C625FC952069640A00F2251C /* RecipiesErrorViewController.swift */,
				C625FC99206A3DA800F2251C /* DetailsErrorViewController.swift */,
			);
			path = Errors;
			sourceTree = "<group>";
		};
		C6B4E2CA205D7B390036445F = {
			isa = PBXGroup;
			children = (
				C6B4E2D5205D7B390036445F /* RecipiesIncrementalSearch */,
				C6B4E2EA205D7B390036445F /* RecipiesIncrementalSearchTests */,
				C6B4E2D4205D7B390036445F /* Products */,
				3FCA0D9DA6CAD3960F2D6A89 /* Pods */,
				E4E28ECAF878DA1805760E87 /* Frameworks */,
			);
			sourceTree = "<group>";
		};
		C6B4E2D4205D7B390036445F /* Products */ = {
			isa = PBXGroup;
			children = (
				C6B4E2D3205D7B390036445F /* RecipiesIncrementalSearch.app */,
				C6B4E2E7205D7B390036445F /* RecipiesIncrementalSearchTests.xctest */,
			);
			name = Products;
			sourceTree = "<group>";
		};
		C6B4E2D5205D7B390036445F /* RecipiesIncrementalSearch */ = {
			isa = PBXGroup;
			children = (
				C64733CC205DB5A10043DD09 /* Extensions */,
				C6B4E2FB205D7E2F0036445F /* Details */,
				C6B4E2FA205D7DF00036445F /* Recipies */,
				C6B4E2F9205D7DC30036445F /* Coordinators */,
				C6B4E2F6205D7D8A0036445F /* API & Models */,
				C6B4E2D6205D7B390036445F /* AppDelegate.swift */,
				C680BEDC206947A70063B4F2 /* Errors */,
				C6B4E2DA205D7B390036445F /* Main.storyboard */,
				C6B4E2DD205D7B390036445F /* Assets.xcassets */,
				C6B4E2DF205D7B390036445F /* LaunchScreen.storyboard */,
				C6B4E2E2205D7B390036445F /* Info.plist */,
			);
			path = RecipiesIncrementalSearch;
			sourceTree = "<group>";
		};
		C6B4E2EA205D7B390036445F /* RecipiesIncrementalSearchTests */ = {
			isa = PBXGroup;
			children = (
				C6B4E2EB205D7B390036445F /* RecipiesIncrementalSearchTests.swift */,
				C6B4E2ED205D7B390036445F /* Info.plist */,
			);
			path = RecipiesIncrementalSearchTests;
			sourceTree = "<group>";
		};
		C6B4E2F6205D7D8A0036445F /* API & Models */ = {
			isa = PBXGroup;
			children = (
				C6B4E2F8205D7DAD0036445F /* Models */,
				C6B4E2F7205D7DA70036445F /* Networking */,
			);
			path = "API & Models";
			sourceTree = "<group>";
		};
		C6B4E2F7205D7DA70036445F /* Networking */ = {
			isa = PBXGroup;
			children = (
				C65ECAC4205D9885008BFC42 /* APIClient.swift */,
			);
			path = Networking;
			sourceTree = "<group>";
		};
		C6B4E2F8205D7DAD0036445F /* Models */ = {
			isa = PBXGroup;
			children = (
				C65ECAC0205D8F53008BFC42 /* RecipeGeneral.swift */,
				C65ECAC2205D9236008BFC42 /* SearchResponseModel.swift */,
				C64733D0205DCE370043DD09 /* RecipeDetails.swift */,
			);
			path = Models;
			sourceTree = "<group>";
		};
		C6B4E2F9205D7DC30036445F /* Coordinators */ = {
			isa = PBXGroup;
			children = (
				C6B4E30A205D7EFD0036445F /* ViewControllersFactory.swift */,
				C6B4E30C205D7F0E0036445F /* AppCoordinator.swift */,
				C6B4E30E205D7F1B0036445F /* RecipiesCoordinator.swift */,
				C64733D2205DDEF50043DD09 /* DetailsCoordinator.swift */,
			);
			path = Coordinators;
			sourceTree = "<group>";
		};
		C6B4E2FA205D7DF00036445F /* Recipies */ = {
			isa = PBXGroup;
			children = (
				C6B4E2FE205D7E5A0036445F /* RecipiesViewController.swift */,
				C6B4E300205D7E6C0036445F /* RecipiesViewModel.swift */,
				C6B4E313205D89CA0036445F /* RecipeCell.swift */,
			);
			path = Recipies;
			sourceTree = "<group>";
		};
		C6B4E2FB205D7E2F0036445F /* Details */ = {
			isa = PBXGroup;
			children = (
				C64733CF205DCD7B0043DD09 /* Cells */,
				C6B4E304205D7EA50036445F /* DetailsViewController.swift */,
				C6B4E306205D7EBB0036445F /* DetailsViewModel.swift */,
			);
			path = Details;
			sourceTree = "<group>";
		};
		E4E28ECAF878DA1805760E87 /* Frameworks */ = {
			isa = PBXGroup;
			children = (
				2207AFD8B2EE00EA40D80347 /* Pods_RecipiesIncrementalSearch.framework */,
				1B9E00A8A6B831C4C15E3292 /* Pods_RecipiesIncrementalSearchTests.framework */,
			);
			name = Frameworks;
			sourceTree = "<group>";
		};
/* End PBXGroup section */

/* Begin PBXNativeTarget section */
		C6B4E2D2205D7B390036445F /* RecipiesIncrementalSearch */ = {
			isa = PBXNativeTarget;
			buildConfigurationList = C6B4E2F0205D7B390036445F /* Build configuration list for PBXNativeTarget "RecipiesIncrementalSearch" */;
			buildPhases = (
				4AE8D81A2659CC0F31BC0D0B /* [CP] Check Pods Manifest.lock */,
				C6B4E2CF205D7B390036445F /* Sources */,
				C6B4E2D0205D7B390036445F /* Frameworks */,
				C6B4E2D1205D7B390036445F /* Resources */,
				4E9BA73F3B617935D6B98760 /* [CP] Embed Pods Frameworks */,
			);
			buildRules = (
			);
			dependencies = (
			);
			name = RecipiesIncrementalSearch;
			productName = RecipiesIncrementalSearch;
			productReference = C6B4E2D3205D7B390036445F /* RecipiesIncrementalSearch.app */;
			productType = "com.apple.product-type.application";
		};
		C6B4E2E6205D7B390036445F /* RecipiesIncrementalSearchTests */ = {
			isa = PBXNativeTarget;
			buildConfigurationList = C6B4E2F3205D7B390036445F /* Build configuration list for PBXNativeTarget "RecipiesIncrementalSearchTests" */;
			buildPhases = (
				5A77ABCDC05C27A7225722AE /* [CP] Check Pods Manifest.lock */,
				C6B4E2E3205D7B390036445F /* Sources */,
				C6B4E2E4205D7B390036445F /* Frameworks */,
				C6B4E2E5205D7B390036445F /* Resources */,
			);
			buildRules = (
			);
			dependencies = (
				C6B4E2E9205D7B390036445F /* PBXTargetDependency */,
			);
			name = RecipiesIncrementalSearchTests;
			productName = RecipiesIncrementalSearchTests;
			productReference = C6B4E2E7205D7B390036445F /* RecipiesIncrementalSearchTests.xctest */;
			productType = "com.apple.product-type.bundle.unit-test";
		};
/* End PBXNativeTarget section */

/* Begin PBXProject section */
		C6B4E2CB205D7B390036445F /* Project object */ = {
			isa = PBXProject;
			attributes = {
				LastSwiftUpdateCheck = 0920;
				LastUpgradeCheck = 0920;
				ORGANIZATIONNAME = Bart;
				TargetAttributes = {
					C6B4E2D2205D7B390036445F = {
						CreatedOnToolsVersion = 9.2;
						LastSwiftMigration = 1020;
						ProvisioningStyle = Automatic;
					};
					C6B4E2E6205D7B390036445F = {
						CreatedOnToolsVersion = 9.2;
						LastSwiftMigration = 1020;
						ProvisioningStyle = Automatic;
						TestTargetID = C6B4E2D2205D7B390036445F;
					};
				};
			};
			buildConfigurationList = C6B4E2CE205D7B390036445F /* Build configuration list for PBXProject "RecipiesIncrementalSearch" */;
			compatibilityVersion = "Xcode 8.0";
			developmentRegion = en;
			hasScannedForEncodings = 0;
			knownRegions = (
				en,
				Base,
			);
			mainGroup = C6B4E2CA205D7B390036445F;
			productRefGroup = C6B4E2D4205D7B390036445F /* Products */;
			projectDirPath = "";
			projectRoot = "";
			targets = (
				C6B4E2D2205D7B390036445F /* RecipiesIncrementalSearch */,
				C6B4E2E6205D7B390036445F /* RecipiesIncrementalSearchTests */,
			);
		};
/* End PBXProject section */

/* Begin PBXResourcesBuildPhase section */
		C6B4E2D1205D7B390036445F /* Resources */ = {
			isa = PBXResourcesBuildPhase;
			buildActionMask = 2147483647;
			files = (
				C6B4E2E1205D7B390036445F /* LaunchScreen.storyboard in Resources */,
				C6DEF0F6205DEE0A00721DFF /* DetailsHeader.xib in Resources */,
				C6B4E2DE205D7B390036445F /* Assets.xcassets in Resources */,
				C6B4E2DC205D7B390036445F /* Main.storyboard in Resources */,
			);
			runOnlyForDeploymentPostprocessing = 0;
		};
		C6B4E2E5205D7B390036445F /* Resources */ = {
			isa = PBXResourcesBuildPhase;
			buildActionMask = 2147483647;
			files = (
			);
			runOnlyForDeploymentPostprocessing = 0;
		};
/* End PBXResourcesBuildPhase section */

/* Begin PBXShellScriptBuildPhase section */
		4AE8D81A2659CC0F31BC0D0B /* [CP] Check Pods Manifest.lock */ = {
			isa = PBXShellScriptBuildPhase;
			buildActionMask = 2147483647;
			files = (
			);
			inputPaths = (
				"${PODS_PODFILE_DIR_PATH}/Podfile.lock",
				"${PODS_ROOT}/Manifest.lock",
			);
			name = "[CP] Check Pods Manifest.lock";
			outputPaths = (
				"$(DERIVED_FILE_DIR)/Pods-RecipiesIncrementalSearch-checkManifestLockResult.txt",
			);
			runOnlyForDeploymentPostprocessing = 0;
			shellPath = /bin/sh;
			shellScript = "diff \"${PODS_PODFILE_DIR_PATH}/Podfile.lock\" \"${PODS_ROOT}/Manifest.lock\" > /dev/null\nif [ $? != 0 ] ; then\n    # print error to STDERR\n    echo \"error: The sandbox is not in sync with the Podfile.lock. Run 'pod install' or update your CocoaPods installation.\" >&2\n    exit 1\nfi\n# This output is used by Xcode 'outputs' to avoid re-running this script phase.\necho \"SUCCESS\" > \"${SCRIPT_OUTPUT_FILE_0}\"\n";
			showEnvVarsInLog = 0;
		};
		4E9BA73F3B617935D6B98760 /* [CP] Embed Pods Frameworks */ = {
			isa = PBXShellScriptBuildPhase;
			buildActionMask = 2147483647;
			files = (
			);
			inputPaths = (
				"${SRCROOT}/Pods/Target Support Files/Pods-RecipiesIncrementalSearch/Pods-RecipiesIncrementalSearch-frameworks.sh",
				"${BUILT_PRODUCTS_DIR}/RxCocoa/RxCocoa.framework",
				"${BUILT_PRODUCTS_DIR}/RxSwift/RxSwift.framework",
			);
			name = "[CP] Embed Pods Frameworks";
			outputPaths = (
				"${TARGET_BUILD_DIR}/${FRAMEWORKS_FOLDER_PATH}/RxCocoa.framework",
				"${TARGET_BUILD_DIR}/${FRAMEWORKS_FOLDER_PATH}/RxSwift.framework",
			);
			runOnlyForDeploymentPostprocessing = 0;
			shellPath = /bin/sh;
			shellScript = "\"${SRCROOT}/Pods/Target Support Files/Pods-RecipiesIncrementalSearch/Pods-RecipiesIncrementalSearch-frameworks.sh\"\n";
			showEnvVarsInLog = 0;
		};
		5A77ABCDC05C27A7225722AE /* [CP] Check Pods Manifest.lock */ = {
			isa = PBXShellScriptBuildPhase;
			buildActionMask = 2147483647;
			files = (
			);
			inputPaths = (
				"${PODS_PODFILE_DIR_PATH}/Podfile.lock",
				"${PODS_ROOT}/Manifest.lock",
			);
			name = "[CP] Check Pods Manifest.lock";
			outputPaths = (
				"$(DERIVED_FILE_DIR)/Pods-RecipiesIncrementalSearchTests-checkManifestLockResult.txt",
			);
			runOnlyForDeploymentPostprocessing = 0;
			shellPath = /bin/sh;
			shellScript = "diff \"${PODS_PODFILE_DIR_PATH}/Podfile.lock\" \"${PODS_ROOT}/Manifest.lock\" > /dev/null\nif [ $? != 0 ] ; then\n    # print error to STDERR\n    echo \"error: The sandbox is not in sync with the Podfile.lock. Run 'pod install' or update your CocoaPods installation.\" >&2\n    exit 1\nfi\n# This output is used by Xcode 'outputs' to avoid re-running this script phase.\necho \"SUCCESS\" > \"${SCRIPT_OUTPUT_FILE_0}\"\n";
			showEnvVarsInLog = 0;
		};
/* End PBXShellScriptBuildPhase section */

/* Begin PBXSourcesBuildPhase section */
		C6B4E2CF205D7B390036445F /* Sources */ = {
			isa = PBXSourcesBuildPhase;
			buildActionMask = 2147483647;
			files = (
				C65ECAC5205D9885008BFC42 /* APIClient.swift in Sources */,
				C6B4E30D205D7F0E0036445F /* AppCoordinator.swift in Sources */,
				C6DEF0F8205DF90B00721DFF /* DescriptionCell.swift in Sources */,
				C680BEDE206947E10063B4F2 /* APIErrorBuilder.swift in Sources */,
				C6B4E30B205D7EFD0036445F /* ViewControllersFactory.swift in Sources */,
				C65ECAC1205D8F53008BFC42 /* RecipeGeneral.swift in Sources */,
				C6DEF0FA205DFA5700721DFF /* InfoCell.swift in Sources */,
				C6B4E2FF205D7E5A0036445F /* RecipiesViewController.swift in Sources */,
				C64733D3205DDEF50043DD09 /* DetailsCoordinator.swift in Sources */,
				C6B4E301205D7E6C0036445F /* RecipiesViewModel.swift in Sources */,
				C6B4E314205D89CA0036445F /* RecipeCell.swift in Sources */,
				C625FC962069640A00F2251C /* RecipiesErrorViewController.swift in Sources */,
				C6B4E307205D7EBB0036445F /* DetailsViewModel.swift in Sources */,
				C6B4E2D7205D7B390036445F /* AppDelegate.swift in Sources */,
				C65ECAC3205D9236008BFC42 /* SearchResponseModel.swift in Sources */,
				C680BEE0206953400063B4F2 /* UIViewController+Child.swift in Sources */,
				C64733D1205DCE370043DD09 /* RecipeDetails.swift in Sources */,
				C64733CE205DB5EA0043DD09 /* UIImage+Extensions.swift in Sources */,
				C6DEF0F4205DEDC700721DFF /* DetailsHeader.swift in Sources */,
				C625FC9A206A3DA800F2251C /* DetailsErrorViewController.swift in Sources */,
				C625FC982069750C00F2251C /* UIViewController+ActivityIndicator.swift in Sources */,
				C6B4E30F205D7F1B0036445F /* RecipiesCoordinator.swift in Sources */,
				C6B4E305205D7EA50036445F /* DetailsViewController.swift in Sources */,
			);
			runOnlyForDeploymentPostprocessing = 0;
		};
		C6B4E2E3205D7B390036445F /* Sources */ = {
			isa = PBXSourcesBuildPhase;
			buildActionMask = 2147483647;
			files = (
				C6B4E2EC205D7B390036445F /* RecipiesIncrementalSearchTests.swift in Sources */,
			);
			runOnlyForDeploymentPostprocessing = 0;
		};
/* End PBXSourcesBuildPhase section */

/* Begin PBXTargetDependency section */
		C6B4E2E9205D7B390036445F /* PBXTargetDependency */ = {
			isa = PBXTargetDependency;
			target = C6B4E2D2205D7B390036445F /* RecipiesIncrementalSearch */;
			targetProxy = C6B4E2E8205D7B390036445F /* PBXContainerItemProxy */;
		};
/* End PBXTargetDependency section */

/* Begin PBXVariantGroup section */
		C6B4E2DA205D7B390036445F /* Main.storyboard */ = {
			isa = PBXVariantGroup;
			children = (
				C6B4E2DB205D7B390036445F /* Base */,
			);
			name = Main.storyboard;
			sourceTree = "<group>";
		};
		C6B4E2DF205D7B390036445F /* LaunchScreen.storyboard */ = {
			isa = PBXVariantGroup;
			children = (
				C6B4E2E0205D7B390036445F /* Base */,
			);
			name = LaunchScreen.storyboard;
			sourceTree = "<group>";
		};
/* End PBXVariantGroup section */

/* Begin XCBuildConfiguration section */
		C6B4E2EE205D7B390036445F /* Debug */ = {
			isa = XCBuildConfiguration;
			buildSettings = {
				ALWAYS_SEARCH_USER_PATHS = NO;
				CLANG_ANALYZER_NONNULL = YES;
				CLANG_ANALYZER_NUMBER_OBJECT_CONVERSION = YES_AGGRESSIVE;
				CLANG_CXX_LANGUAGE_STANDARD = "gnu++14";
				CLANG_CXX_LIBRARY = "libc++";
				CLANG_ENABLE_MODULES = YES;
				CLANG_ENABLE_OBJC_ARC = YES;
				CLANG_WARN_BLOCK_CAPTURE_AUTORELEASING = YES;
				CLANG_WARN_BOOL_CONVERSION = YES;
				CLANG_WARN_COMMA = YES;
				CLANG_WARN_CONSTANT_CONVERSION = YES;
				CLANG_WARN_DIRECT_OBJC_ISA_USAGE = YES_ERROR;
				CLANG_WARN_DOCUMENTATION_COMMENTS = YES;
				CLANG_WARN_EMPTY_BODY = YES;
				CLANG_WARN_ENUM_CONVERSION = YES;
				CLANG_WARN_INFINITE_RECURSION = YES;
				CLANG_WARN_INT_CONVERSION = YES;
				CLANG_WARN_NON_LITERAL_NULL_CONVERSION = YES;
				CLANG_WARN_OBJC_LITERAL_CONVERSION = YES;
				CLANG_WARN_OBJC_ROOT_CLASS = YES_ERROR;
				CLANG_WARN_RANGE_LOOP_ANALYSIS = YES;
				CLANG_WARN_STRICT_PROTOTYPES = YES;
				CLANG_WARN_SUSPICIOUS_MOVE = YES;
				CLANG_WARN_UNGUARDED_AVAILABILITY = YES_AGGRESSIVE;
				CLANG_WARN_UNREACHABLE_CODE = YES;
				CLANG_WARN__DUPLICATE_METHOD_MATCH = YES;
				CODE_SIGN_IDENTITY = "iPhone Developer";
				COPY_PHASE_STRIP = NO;
				DEBUG_INFORMATION_FORMAT = dwarf;
				ENABLE_STRICT_OBJC_MSGSEND = YES;
				ENABLE_TESTABILITY = YES;
				GCC_C_LANGUAGE_STANDARD = gnu11;
				GCC_DYNAMIC_NO_PIC = NO;
				GCC_NO_COMMON_BLOCKS = YES;
				GCC_OPTIMIZATION_LEVEL = 0;
				GCC_PREPROCESSOR_DEFINITIONS = (
					"DEBUG=1",
					"$(inherited)",
				);
				GCC_WARN_64_TO_32_BIT_CONVERSION = YES;
				GCC_WARN_ABOUT_RETURN_TYPE = YES_ERROR;
				GCC_WARN_UNDECLARED_SELECTOR = YES;
				GCC_WARN_UNINITIALIZED_AUTOS = YES_AGGRESSIVE;
				GCC_WARN_UNUSED_FUNCTION = YES;
				GCC_WARN_UNUSED_VARIABLE = YES;
				IPHONEOS_DEPLOYMENT_TARGET = 10.0;
				MTL_ENABLE_DEBUG_INFO = YES;
				ONLY_ACTIVE_ARCH = YES;
				SDKROOT = iphoneos;
				SWIFT_ACTIVE_COMPILATION_CONDITIONS = DEBUG;
				SWIFT_OPTIMIZATION_LEVEL = "-Onone";
			};
			name = Debug;
		};
		C6B4E2EF205D7B390036445F /* Release */ = {
			isa = XCBuildConfiguration;
			buildSettings = {
				ALWAYS_SEARCH_USER_PATHS = NO;
				CLANG_ANALYZER_NONNULL = YES;
				CLANG_ANALYZER_NUMBER_OBJECT_CONVERSION = YES_AGGRESSIVE;
				CLANG_CXX_LANGUAGE_STANDARD = "gnu++14";
				CLANG_CXX_LIBRARY = "libc++";
				CLANG_ENABLE_MODULES = YES;
				CLANG_ENABLE_OBJC_ARC = YES;
				CLANG_WARN_BLOCK_CAPTURE_AUTORELEASING = YES;
				CLANG_WARN_BOOL_CONVERSION = YES;
				CLANG_WARN_COMMA = YES;
				CLANG_WARN_CONSTANT_CONVERSION = YES;
				CLANG_WARN_DIRECT_OBJC_ISA_USAGE = YES_ERROR;
				CLANG_WARN_DOCUMENTATION_COMMENTS = YES;
				CLANG_WARN_EMPTY_BODY = YES;
				CLANG_WARN_ENUM_CONVERSION = YES;
				CLANG_WARN_INFINITE_RECURSION = YES;
				CLANG_WARN_INT_CONVERSION = YES;
				CLANG_WARN_NON_LITERAL_NULL_CONVERSION = YES;
				CLANG_WARN_OBJC_LITERAL_CONVERSION = YES;
				CLANG_WARN_OBJC_ROOT_CLASS = YES_ERROR;
				CLANG_WARN_RANGE_LOOP_ANALYSIS = YES;
				CLANG_WARN_STRICT_PROTOTYPES = YES;
				CLANG_WARN_SUSPICIOUS_MOVE = YES;
				CLANG_WARN_UNGUARDED_AVAILABILITY = YES_AGGRESSIVE;
				CLANG_WARN_UNREACHABLE_CODE = YES;
				CLANG_WARN__DUPLICATE_METHOD_MATCH = YES;
				CODE_SIGN_IDENTITY = "iPhone Developer";
				COPY_PHASE_STRIP = NO;
				DEBUG_INFORMATION_FORMAT = "dwarf-with-dsym";
				ENABLE_NS_ASSERTIONS = NO;
				ENABLE_STRICT_OBJC_MSGSEND = YES;
				GCC_C_LANGUAGE_STANDARD = gnu11;
				GCC_NO_COMMON_BLOCKS = YES;
				GCC_WARN_64_TO_32_BIT_CONVERSION = YES;
				GCC_WARN_ABOUT_RETURN_TYPE = YES_ERROR;
				GCC_WARN_UNDECLARED_SELECTOR = YES;
				GCC_WARN_UNINITIALIZED_AUTOS = YES_AGGRESSIVE;
				GCC_WARN_UNUSED_FUNCTION = YES;
				GCC_WARN_UNUSED_VARIABLE = YES;
				IPHONEOS_DEPLOYMENT_TARGET = 10.0;
				MTL_ENABLE_DEBUG_INFO = NO;
				SDKROOT = iphoneos;
				SWIFT_OPTIMIZATION_LEVEL = "-Owholemodule";
				VALIDATE_PRODUCT = YES;
			};
			name = Release;
		};
		C6B4E2F1205D7B390036445F /* Debug */ = {
			isa = XCBuildConfiguration;
			baseConfigurationReference = 15EE0AD8623C22B04900C5A3 /* Pods-RecipiesIncrementalSearch.debug.xcconfig */;
			buildSettings = {
				ASSETCATALOG_COMPILER_APPICON_NAME = AppIcon;
				CODE_SIGN_STYLE = Automatic;
				DEVELOPMENT_TEAM = DNVNQCZ59K;
				INFOPLIST_FILE = RecipiesIncrementalSearch/Info.plist;
				IPHONEOS_DEPLOYMENT_TARGET = 10.0;
				LD_RUNPATH_SEARCH_PATHS = "$(inherited) @executable_path/Frameworks";
				PRODUCT_BUNDLE_IDENTIFIER = com.example.RecipiesIncrementalSearch;
				PRODUCT_NAME = "$(TARGET_NAME)";
				SWIFT_VERSION = 5.0;
				TARGETED_DEVICE_FAMILY = "1,2";
			};
			name = Debug;
		};
		C6B4E2F2205D7B390036445F /* Release */ = {
			isa = XCBuildConfiguration;
			baseConfigurationReference = 6C795B40705E4A68BBD249B8 /* Pods-RecipiesIncrementalSearch.release.xcconfig */;
			buildSettings = {
				ASSETCATALOG_COMPILER_APPICON_NAME = AppIcon;
				CODE_SIGN_STYLE = Automatic;
				DEVELOPMENT_TEAM = DNVNQCZ59K;
				INFOPLIST_FILE = RecipiesIncrementalSearch/Info.plist;
				IPHONEOS_DEPLOYMENT_TARGET = 10.0;
				LD_RUNPATH_SEARCH_PATHS = "$(inherited) @executable_path/Frameworks";
				PRODUCT_BUNDLE_IDENTIFIER = com.example.RecipiesIncrementalSearch;
				PRODUCT_NAME = "$(TARGET_NAME)";
				SWIFT_VERSION = 5.0;
				TARGETED_DEVICE_FAMILY = "1,2";
			};
			name = Release;
		};
		C6B4E2F4205D7B390036445F /* Debug */ = {
			isa = XCBuildConfiguration;
			baseConfigurationReference = 34DF62984E89AC47D79E051E /* Pods-RecipiesIncrementalSearchTests.debug.xcconfig */;
			buildSettings = {
				ALWAYS_EMBED_SWIFT_STANDARD_LIBRARIES = YES;
				BUNDLE_LOADER = "$(TEST_HOST)";
				CODE_SIGN_STYLE = Automatic;
				DEVELOPMENT_TEAM = DNVNQCZ59K;
				INFOPLIST_FILE = RecipiesIncrementalSearchTests/Info.plist;
				LD_RUNPATH_SEARCH_PATHS = "$(inherited) @executable_path/Frameworks @loader_path/Frameworks";
				PRODUCT_BUNDLE_IDENTIFIER = com.example.RecipiesIncrementalSearchTests;
				PRODUCT_NAME = "$(TARGET_NAME)";
				SWIFT_VERSION = 5.0;
				TARGETED_DEVICE_FAMILY = "1,2";
				TEST_HOST = "$(BUILT_PRODUCTS_DIR)/RecipiesIncrementalSearch.app/RecipiesIncrementalSearch";
			};
			name = Debug;
		};
		C6B4E2F5205D7B390036445F /* Release */ = {
			isa = XCBuildConfiguration;
			baseConfigurationReference = 735FA676760446C67C1F9D6C /* Pods-RecipiesIncrementalSearchTests.release.xcconfig */;
			buildSettings = {
				ALWAYS_EMBED_SWIFT_STANDARD_LIBRARIES = YES;
				BUNDLE_LOADER = "$(TEST_HOST)";
				CODE_SIGN_STYLE = Automatic;
				DEVELOPMENT_TEAM = DNVNQCZ59K;
				INFOPLIST_FILE = RecipiesIncrementalSearchTests/Info.plist;
				LD_RUNPATH_SEARCH_PATHS = "$(inherited) @executable_path/Frameworks @loader_path/Frameworks";
				PRODUCT_BUNDLE_IDENTIFIER = com.example.RecipiesIncrementalSearchTests;
				PRODUCT_NAME = "$(TARGET_NAME)";
				SWIFT_VERSION = 5.0;
				TARGETED_DEVICE_FAMILY = "1,2";
				TEST_HOST = "$(BUILT_PRODUCTS_DIR)/RecipiesIncrementalSearch.app/RecipiesIncrementalSearch";
			};
			name = Release;
		};
/* End XCBuildConfiguration section */

/* Begin XCConfigurationList section */
		C6B4E2CE205D7B390036445F /* Build configuration list for PBXProject "RecipiesIncrementalSearch" */ = {
			isa = XCConfigurationList;
			buildConfigurations = (
				C6B4E2EE205D7B390036445F /* Debug */,
				C6B4E2EF205D7B390036445F /* Release */,
			);
			defaultConfigurationIsVisible = 0;
			defaultConfigurationName = Release;
		};
		C6B4E2F0205D7B390036445F /* Build configuration list for PBXNativeTarget "RecipiesIncrementalSearch" */ = {
			isa = XCConfigurationList;
			buildConfigurations = (
				C6B4E2F1205D7B390036445F /* Debug */,
				C6B4E2F2205D7B390036445F /* Release */,
			);
			defaultConfigurationIsVisible = 0;
			defaultConfigurationName = Release;
		};
		C6B4E2F3205D7B390036445F /* Build configuration list for PBXNativeTarget "RecipiesIncrementalSearchTests" */ = {
			isa = XCConfigurationList;
			buildConfigurations = (
				C6B4E2F4205D7B390036445F /* Debug */,
				C6B4E2F5205D7B390036445F /* Release */,
			);
			defaultConfigurationIsVisible = 0;
			defaultConfigurationName = Release;
		};
/* End XCConfigurationList section */
	};
	rootObject = C6B4E2CB205D7B390036445F /* Project object */;
}
